
Microsoft Visual Studio Solution File, Format Version 12.00
# Visual Studio Version 17
VisualStudioVersion = 17.8.34511.84
MinimumVisualStudioVersion = 10.0.40219.1
Project("{FAE04EC0-301F-11D3-BF4B-00C04F79EFBC}") = "BGSchools", "BGSchools\BGSchools.csproj", "{DD47DD9A-5F5E-4E9E-9902-B2D8425E01F5}"
EndProject
Global
	GlobalSection(SolutionConfigurationPlatforms) = preSolution
		Debug|Any CPU = Debug|Any CPU
		Release|Any CPU = Release|Any CPU
	EndGlobalSection
	GlobalSection(ProjectConfigurationPlatforms) = postSolution
		{DD47DD9A-5F5E-4E9E-9902-B2D8425E01F5}.Debug|Any CPU.ActiveCfg = Debug|Any CPU
		{DD47DD9A-5F5E-4E9E-9902-B2D8425E01F5}.Debug|Any CPU.Build.0 = Debug|Any CPU
		{DD47DD9A-5F5E-4E9E-9902-B2D8425E01F5}.Release|Any CPU.ActiveCfg = Release|Any CPU
		{DD47DD9A-5F5E-4E9E-9902-B2D8425E01F5}.Release|Any CPU.Build.0 = Release|Any CPU
	EndGlobalSection
	GlobalSection(SolutionProperties) = preSolution
		HideSolutionNode = FALSE
	EndGlobalSection
	GlobalSection(ExtensibilityGlobals) = postSolution
		SolutionGuid = {DDCC88EC-0EF2-4F33-ACAC-0774F8086BB6}
	EndGlobalSection
EndGlobal
